// !$*UTF8*$!
{
	archiveVersion = 1;
	classes = {
	};
	objectVersion = 55;
	objects = {

/* Begin PBXBuildFile section */
		9885600A29181D82009C377B /* MealsSwiftUIApp.swift in Sources */ = {isa = PBXBuildFile; fileRef = 9885600929181D82009C377B /* MealsSwiftUIApp.swift */; };
		9885600C29181D82009C377B /* ContentView.swift in Sources */ = {isa = PBXBuildFile; fileRef = 9885600B29181D82009C377B /* ContentView.swift */; };
		9885600E29181D84009C377B /* Assets.xcassets in Resources */ = {isa = PBXBuildFile; fileRef = 9885600D29181D84009C377B /* Assets.xcassets */; };
		9885601129181D84009C377B /* Preview Assets.xcassets in Resources */ = {isa = PBXBuildFile; fileRef = 9885601029181D84009C377B /* Preview Assets.xcassets */; };
		9885601D2918227B009C377B /* Meal.swift in Sources */ = {isa = PBXBuildFile; fileRef = 9885601C2918227B009C377B /* Meal.swift */; };
		9885602129182704009C377B /* MealCategory.swift in Sources */ = {isa = PBXBuildFile; fileRef = 9885602029182704009C377B /* MealCategory.swift */; };
		988560252918285F009C377B /* APIService.swift in Sources */ = {isa = PBXBuildFile; fileRef = 988560242918285F009C377B /* APIService.swift */; };
		98856028291829B5009C377B /* APIUrl.swift in Sources */ = {isa = PBXBuildFile; fileRef = 98856027291829B5009C377B /* APIUrl.swift */; };
		9885602B29182C93009C377B /* BaseViewModel.swift in Sources */ = {isa = PBXBuildFile; fileRef = 9885602A29182C93009C377B /* BaseViewModel.swift */; };
		9885602E29182DF0009C377B /* APIHandler.swift in Sources */ = {isa = PBXBuildFile; fileRef = 9885602D29182DF0009C377B /* APIHandler.swift */; };
		9885603329182EB9009C377B /* MealCategoriesViewModel.swift in Sources */ = {isa = PBXBuildFile; fileRef = 9885603229182EB9009C377B /* MealCategoriesViewModel.swift */; };
		98856035291844E2009C377B /* MealCategoriesScreen.swift in Sources */ = {isa = PBXBuildFile; fileRef = 98856034291844E2009C377B /* MealCategoriesScreen.swift */; };
		98856037291844FA009C377B /* MealCategoryView.swift in Sources */ = {isa = PBXBuildFile; fileRef = 98856036291844FA009C377B /* MealCategoryView.swift */; };
		9885603A29184518009C377B /* Constants.swift in Sources */ = {isa = PBXBuildFile; fileRef = 9885603929184518009C377B /* Constants.swift */; };
		9885603D2918465D009C377B /* SDWebImageSwiftUI in Frameworks */ = {isa = PBXBuildFile; productRef = 9885603C2918465D009C377B /* SDWebImageSwiftUI */; };
		98856045291856FF009C377B /* MealListRow.swift in Sources */ = {isa = PBXBuildFile; fileRef = 98856044291856FF009C377B /* MealListRow.swift */; };
		988560482918630D009C377B /* Color+Extensions.swift in Sources */ = {isa = PBXBuildFile; fileRef = 988560472918630D009C377B /* Color+Extensions.swift */; };
		9885604A29186683009C377B /* MealListViewModel.swift in Sources */ = {isa = PBXBuildFile; fileRef = 9885604929186683009C377B /* MealListViewModel.swift */; };
		9885604C29186898009C377B /* MealListScreen.swift in Sources */ = {isa = PBXBuildFile; fileRef = 9885604B29186898009C377B /* MealListScreen.swift */; };
/* End PBXBuildFile section */

/* Begin PBXFileReference section */
		9885600629181D82009C377B /* MealsSwiftUI.app */ = {isa = PBXFileReference; explicitFileType = wrapper.application; includeInIndex = 0; path = MealsSwiftUI.app; sourceTree = BUILT_PRODUCTS_DIR; };
		9885600929181D82009C377B /* MealsSwiftUIApp.swift */ = {isa = PBXFileReference; lastKnownFileType = sourcecode.swift; path = MealsSwiftUIApp.swift; sourceTree = "<group>"; };
		9885600B29181D82009C377B /* ContentView.swift */ = {isa = PBXFileReference; lastKnownFileType = sourcecode.swift; path = ContentView.swift; sourceTree = "<group>"; };
		9885600D29181D84009C377B /* Assets.xcassets */ = {isa = PBXFileReference; lastKnownFileType = folder.assetcatalog; path = Assets.xcassets; sourceTree = "<group>"; };
		9885601029181D84009C377B /* Preview Assets.xcassets */ = {isa = PBXFileReference; lastKnownFileType = folder.assetcatalog; path = "Preview Assets.xcassets"; sourceTree = "<group>"; };
		9885601C2918227B009C377B /* Meal.swift */ = {isa = PBXFileReference; lastKnownFileType = sourcecode.swift; path = Meal.swift; sourceTree = "<group>"; };
		9885602029182704009C377B /* MealCategory.swift */ = {isa = PBXFileReference; lastKnownFileType = sourcecode.swift; path = MealCategory.swift; sourceTree = "<group>"; };
		988560242918285F009C377B /* APIService.swift */ = {isa = PBXFileReference; lastKnownFileType = sourcecode.swift; path = APIService.swift; sourceTree = "<group>"; };
		98856027291829B5009C377B /* APIUrl.swift */ = {isa = PBXFileReference; lastKnownFileType = sourcecode.swift; path = APIUrl.swift; sourceTree = "<group>"; };
		9885602A29182C93009C377B /* BaseViewModel.swift */ = {isa = PBXFileReference; lastKnownFileType = sourcecode.swift; path = BaseViewModel.swift; sourceTree = "<group>"; };
		9885602D29182DF0009C377B /* APIHandler.swift */ = {isa = PBXFileReference; lastKnownFileType = sourcecode.swift; path = APIHandler.swift; sourceTree = "<group>"; };
		9885603229182EB9009C377B /* MealCategoriesViewModel.swift */ = {isa = PBXFileReference; lastKnownFileType = sourcecode.swift; path = MealCategoriesViewModel.swift; sourceTree = "<group>"; };
		98856034291844E2009C377B /* MealCategoriesScreen.swift */ = {isa = PBXFileReference; lastKnownFileType = sourcecode.swift; path = MealCategoriesScreen.swift; sourceTree = "<group>"; };
		98856036291844FA009C377B /* MealCategoryView.swift */ = {isa = PBXFileReference; lastKnownFileType = sourcecode.swift; path = MealCategoryView.swift; sourceTree = "<group>"; };
		9885603929184518009C377B /* Constants.swift */ = {isa = PBXFileReference; lastKnownFileType = sourcecode.swift; path = Constants.swift; sourceTree = "<group>"; };
		98856044291856FF009C377B /* MealListRow.swift */ = {isa = PBXFileReference; lastKnownFileType = sourcecode.swift; path = MealListRow.swift; sourceTree = "<group>"; };
		988560472918630D009C377B /* Color+Extensions.swift */ = {isa = PBXFileReference; lastKnownFileType = sourcecode.swift; path = "Color+Extensions.swift"; sourceTree = "<group>"; };
		9885604929186683009C377B /* MealListViewModel.swift */ = {isa = PBXFileReference; lastKnownFileType = sourcecode.swift; path = MealListViewModel.swift; sourceTree = "<group>"; };
		9885604B29186898009C377B /* MealListScreen.swift */ = {isa = PBXFileReference; lastKnownFileType = sourcecode.swift; path = MealListScreen.swift; sourceTree = "<group>"; };
/* End PBXFileReference section */

/* Begin PBXFrameworksBuildPhase section */
		9885600329181D82009C377B /* Frameworks */ = {
			isa = PBXFrameworksBuildPhase;
			buildActionMask = 2147483647;
			files = (
				9885603D2918465D009C377B /* SDWebImageSwiftUI in Frameworks */,
			);
			runOnlyForDeploymentPostprocessing = 0;
		};
/* End PBXFrameworksBuildPhase section */

/* Begin PBXGroup section */
		98855FFD29181D82009C377B = {
			isa = PBXGroup;
			children = (
				9885600829181D82009C377B /* MealsSwiftUI */,
				9885600729181D82009C377B /* Products */,
			);
			sourceTree = "<group>";
		};
		9885600729181D82009C377B /* Products */ = {
			isa = PBXGroup;
			children = (
				9885600629181D82009C377B /* MealsSwiftUI.app */,
			);
			name = Products;
			sourceTree = "<group>";
		};
		9885600829181D82009C377B /* MealsSwiftUI */ = {
			isa = PBXGroup;
			children = (
				9885600929181D82009C377B /* MealsSwiftUIApp.swift */,
				9885602229182839009C377B /* Base */,
				9885601729181E86009C377B /* Activities */,
				9885602C29182DD2009C377B /* Networking */,
				9885600B29181D82009C377B /* ContentView.swift */,
				9885600D29181D84009C377B /* Assets.xcassets */,
				9885600F29181D84009C377B /* Preview Content */,
			);
			path = MealsSwiftUI;
			sourceTree = "<group>";
		};
		9885600F29181D84009C377B /* Preview Content */ = {
			isa = PBXGroup;
			children = (
				9885601029181D84009C377B /* Preview Assets.xcassets */,
			);
			path = "Preview Content";
			sourceTree = "<group>";
		};
		9885601729181E86009C377B /* Activities */ = {
			isa = PBXGroup;
			children = (
				9885601B29181EC9009C377B /* Meal Categories */,
				9885601929181EAD009C377B /* Meal List */,
				9885601A29181EBD009C377B /* Meal Recipe */,
			);
			path = Activities;
			sourceTree = "<group>";
		};
		9885601829181E8F009C377B /* Models */ = {
			isa = PBXGroup;
			children = (
				9885602029182704009C377B /* MealCategory.swift */,
			);
			path = Models;
			sourceTree = "<group>";
		};
		9885601929181EAD009C377B /* Meal List */ = {
			isa = PBXGroup;
			children = (
				98856040291856A2009C377B /* Models */,
				98856041291856A8009C377B /* Screens */,
				98856042291856B1009C377B /* Views */,
				98856043291856BC009C377B /* View Model */,
			);
			path = "Meal List";
			sourceTree = "<group>";
		};
		9885601A29181EBD009C377B /* Meal Recipe */ = {
			isa = PBXGroup;
			children = (
			);
			path = "Meal Recipe";
			sourceTree = "<group>";
		};
		9885601B29181EC9009C377B /* Meal Categories */ = {
			isa = PBXGroup;
			children = (
				9885601829181E8F009C377B /* Models */,
				9885602F29182E4C009C377B /* Screens */,
				9885603029182E63009C377B /* Views */,
				9885603129182E72009C377B /* View Models */,
			);
			path = "Meal Categories";
			sourceTree = "<group>";
		};
		9885602229182839009C377B /* Base */ = {
			isa = PBXGroup;
			children = (
				9885603829184503009C377B /* Constants */,
				98856046291862F7009C377B /* Extensions */,
				988560232918284C009C377B /* Networking */,
				9885602929182C7F009C377B /* View Models */,
			);
			path = Base;
			sourceTree = "<group>";
		};
		988560232918284C009C377B /* Networking */ = {
			isa = PBXGroup;
			children = (
				988560262918298A009C377B /* API */,
			);
			path = Networking;
			sourceTree = "<group>";
		};
		988560262918298A009C377B /* API */ = {
			isa = PBXGroup;
			children = (
				988560242918285F009C377B /* APIService.swift */,
				98856027291829B5009C377B /* APIUrl.swift */,
			);
			path = API;
			sourceTree = "<group>";
		};
		9885602929182C7F009C377B /* View Models */ = {
			isa = PBXGroup;
			children = (
				9885602A29182C93009C377B /* BaseViewModel.swift */,
			);
			path = "View Models";
			sourceTree = "<group>";
		};
		9885602C29182DD2009C377B /* Networking */ = {
			isa = PBXGroup;
			children = (
				9885602D29182DF0009C377B /* APIHandler.swift */,
			);
			path = Networking;
			sourceTree = "<group>";
		};
		9885602F29182E4C009C377B /* Screens */ = {
			isa = PBXGroup;
			children = (
				98856034291844E2009C377B /* MealCategoriesScreen.swift */,
			);
			path = Screens;
			sourceTree = "<group>";
		};
		9885603029182E63009C377B /* Views */ = {
			isa = PBXGroup;
			children = (
				98856036291844FA009C377B /* MealCategoryView.swift */,
			);
			path = Views;
			sourceTree = "<group>";
		};
		9885603129182E72009C377B /* View Models */ = {
			isa = PBXGroup;
			children = (
				9885603229182EB9009C377B /* MealCategoriesViewModel.swift */,
			);
			path = "View Models";
			sourceTree = "<group>";
		};
		9885603829184503009C377B /* Constants */ = {
			isa = PBXGroup;
			children = (
				9885603929184518009C377B /* Constants.swift */,
			);
			path = Constants;
			sourceTree = "<group>";
		};
		98856040291856A2009C377B /* Models */ = {
			isa = PBXGroup;
			children = (
				9885601C2918227B009C377B /* Meal.swift */,
			);
			path = Models;
			sourceTree = "<group>";
		};
		98856041291856A8009C377B /* Screens */ = {
			isa = PBXGroup;
			children = (
				9885604B29186898009C377B /* MealListScreen.swift */,
			);
			path = Screens;
			sourceTree = "<group>";
		};
		98856042291856B1009C377B /* Views */ = {
			isa = PBXGroup;
			children = (
				98856044291856FF009C377B /* MealListRow.swift */,
			);
			path = Views;
			sourceTree = "<group>";
		};
		98856043291856BC009C377B /* View Model */ = {
			isa = PBXGroup;
			children = (
				9885604929186683009C377B /* MealListViewModel.swift */,
			);
			path = "View Model";
			sourceTree = "<group>";
		};
		98856046291862F7009C377B /* Extensions */ = {
			isa = PBXGroup;
			children = (
				988560472918630D009C377B /* Color+Extensions.swift */,
			);
			path = Extensions;
			sourceTree = "<group>";
		};
/* End PBXGroup section */

/* Begin PBXNativeTarget section */
		9885600529181D82009C377B /* MealsSwiftUI */ = {
			isa = PBXNativeTarget;
			buildConfigurationList = 9885601429181D84009C377B /* Build configuration list for PBXNativeTarget "MealsSwiftUI" */;
			buildPhases = (
				9885600229181D82009C377B /* Sources */,
				9885600329181D82009C377B /* Frameworks */,
				9885600429181D82009C377B /* Resources */,
			);
			buildRules = (
			);
			dependencies = (
			);
			name = MealsSwiftUI;
			packageProductDependencies = (
				9885603C2918465D009C377B /* SDWebImageSwiftUI */,
			);
			productName = MealsSwiftUI;
			productReference = 9885600629181D82009C377B /* MealsSwiftUI.app */;
			productType = "com.apple.product-type.application";
		};
/* End PBXNativeTarget section */

/* Begin PBXProject section */
		98855FFE29181D82009C377B /* Project object */ = {
			isa = PBXProject;
			attributes = {
				BuildIndependentTargetsInParallel = 1;
				LastSwiftUpdateCheck = 1320;
				LastUpgradeCheck = 1320;
				TargetAttributes = {
					9885600529181D82009C377B = {
						CreatedOnToolsVersion = 13.2.1;
					};
				};
			};
			buildConfigurationList = 9885600129181D82009C377B /* Build configuration list for PBXProject "MealsSwiftUI" */;
			compatibilityVersion = "Xcode 13.0";
			developmentRegion = en;
			hasScannedForEncodings = 0;
			knownRegions = (
				en,
				Base,
			);
			mainGroup = 98855FFD29181D82009C377B;
			packageReferences = (
				9885603B2918465D009C377B /* XCRemoteSwiftPackageReference "SDWebImageSwiftUI" */,
			);
			productRefGroup = 9885600729181D82009C377B /* Products */;
			projectDirPath = "";
			projectRoot = "";
			targets = (
				9885600529181D82009C377B /* MealsSwiftUI */,
			);
		};
/* End PBXProject section */

/* Begin PBXResourcesBuildPhase section */
		9885600429181D82009C377B /* Resources */ = {
			isa = PBXResourcesBuildPhase;
			buildActionMask = 2147483647;
			files = (
				9885601129181D84009C377B /* Preview Assets.xcassets in Resources */,
				9885600E29181D84009C377B /* Assets.xcassets in Resources */,
			);
			runOnlyForDeploymentPostprocessing = 0;
		};
/* End PBXResourcesBuildPhase section */

/* Begin PBXSourcesBuildPhase section */
		9885600229181D82009C377B /* Sources */ = {
			isa = PBXSourcesBuildPhase;
			buildActionMask = 2147483647;
			files = (
				98856035291844E2009C377B /* MealCategoriesScreen.swift in Sources */,
				9885603329182EB9009C377B /* MealCategoriesViewModel.swift in Sources */,
				9885600C29181D82009C377B /* ContentView.swift in Sources */,
				98856045291856FF009C377B /* MealListRow.swift in Sources */,
				98856028291829B5009C377B /* APIUrl.swift in Sources */,
				988560252918285F009C377B /* APIService.swift in Sources */,
				9885602E29182DF0009C377B /* APIHandler.swift in Sources */,
				98856037291844FA009C377B /* MealCategoryView.swift in Sources */,
				9885602129182704009C377B /* MealCategory.swift in Sources */,
				9885601D2918227B009C377B /* Meal.swift in Sources */,
				9885604C29186898009C377B /* MealListScreen.swift in Sources */,
				9885600A29181D82009C377B /* MealsSwiftUIApp.swift in Sources */,
				988560482918630D009C377B /* Color+Extensions.swift in Sources */,
				9885602B29182C93009C377B /* BaseViewModel.swift in Sources */,
				9885603A29184518009C377B /* Constants.swift in Sources */,
				9885604A29186683009C377B /* MealListViewModel.swift in Sources */,
			);
			runOnlyForDeploymentPostprocessing = 0;
		};
/* End PBXSourcesBuildPhase section */

/* Begin XCBuildConfiguration section */
		9885601229181D84009C377B /* Debug */ = {
			isa = XCBuildConfiguration;
			buildSettings = {
				ALWAYS_SEARCH_USER_PATHS = NO;
				CLANG_ANALYZER_NONNULL = YES;
				CLANG_ANALYZER_NUMBER_OBJECT_CONVERSION = YES_AGGRESSIVE;
				CLANG_CXX_LANGUAGE_STANDARD = "gnu++17";
				CLANG_CXX_LIBRARY = "libc++";
				CLANG_ENABLE_MODULES = YES;
				CLANG_ENABLE_OBJC_ARC = YES;
				CLANG_ENABLE_OBJC_WEAK = YES;
				CLANG_WARN_BLOCK_CAPTURE_AUTORELEASING = YES;
				CLANG_WARN_BOOL_CONVERSION = YES;
				CLANG_WARN_COMMA = YES;
				CLANG_WARN_CONSTANT_CONVERSION = YES;
				CLANG_WARN_DEPRECATED_OBJC_IMPLEMENTATIONS = YES;
				CLANG_WARN_DIRECT_OBJC_ISA_USAGE = YES_ERROR;
				CLANG_WARN_DOCUMENTATION_COMMENTS = YES;
				CLANG_WARN_EMPTY_BODY = YES;
				CLANG_WARN_ENUM_CONVERSION = YES;
				CLANG_WARN_INFINITE_RECURSION = YES;
				CLANG_WARN_INT_CONVERSION = YES;
				CLANG_WARN_NON_LITERAL_NULL_CONVERSION = YES;
				CLANG_WARN_OBJC_IMPLICIT_RETAIN_SELF = YES;
				CLANG_WARN_OBJC_LITERAL_CONVERSION = YES;
				CLANG_WARN_OBJC_ROOT_CLASS = YES_ERROR;
				CLANG_WARN_QUOTED_INCLUDE_IN_FRAMEWORK_HEADER = YES;
				CLANG_WARN_RANGE_LOOP_ANALYSIS = YES;
				CLANG_WARN_STRICT_PROTOTYPES = YES;
				CLANG_WARN_SUSPICIOUS_MOVE = YES;
				CLANG_WARN_UNGUARDED_AVAILABILITY = YES_AGGRESSIVE;
				CLANG_WARN_UNREACHABLE_CODE = YES;
				CLANG_WARN__DUPLICATE_METHOD_MATCH = YES;
				COPY_PHASE_STRIP = NO;
				DEBUG_INFORMATION_FORMAT = dwarf;
				ENABLE_STRICT_OBJC_MSGSEND = YES;
				ENABLE_TESTABILITY = YES;
				GCC_C_LANGUAGE_STANDARD = gnu11;
				GCC_DYNAMIC_NO_PIC = NO;
				GCC_NO_COMMON_BLOCKS = YES;
				GCC_OPTIMIZATION_LEVEL = 0;
				GCC_PREPROCESSOR_DEFINITIONS = (
					"DEBUG=1",
					"$(inherited)",
				);
				GCC_WARN_64_TO_32_BIT_CONVERSION = YES;
				GCC_WARN_ABOUT_RETURN_TYPE = YES_ERROR;
				GCC_WARN_UNDECLARED_SELECTOR = YES;
				GCC_WARN_UNINITIALIZED_AUTOS = YES_AGGRESSIVE;
				GCC_WARN_UNUSED_FUNCTION = YES;
				GCC_WARN_UNUSED_VARIABLE = YES;
				IPHONEOS_DEPLOYMENT_TARGET = 15.2;
				MTL_ENABLE_DEBUG_INFO = INCLUDE_SOURCE;
				MTL_FAST_MATH = YES;
				ONLY_ACTIVE_ARCH = YES;
				SDKROOT = iphoneos;
				SWIFT_ACTIVE_COMPILATION_CONDITIONS = DEBUG;
				SWIFT_OPTIMIZATION_LEVEL = "-Onone";
			};
			name = Debug;
		};
		9885601329181D84009C377B /* Release */ = {
			isa = XCBuildConfiguration;
			buildSettings = {
				ALWAYS_SEARCH_USER_PATHS = NO;
				CLANG_ANALYZER_NONNULL = YES;
				CLANG_ANALYZER_NUMBER_OBJECT_CONVERSION = YES_AGGRESSIVE;
				CLANG_CXX_LANGUAGE_STANDARD = "gnu++17";
				CLANG_CXX_LIBRARY = "libc++";
				CLANG_ENABLE_MODULES = YES;
				CLANG_ENABLE_OBJC_ARC = YES;
				CLANG_ENABLE_OBJC_WEAK = YES;
				CLANG_WARN_BLOCK_CAPTURE_AUTORELEASING = YES;
				CLANG_WARN_BOOL_CONVERSION = YES;
				CLANG_WARN_COMMA = YES;
				CLANG_WARN_CONSTANT_CONVERSION = YES;
				CLANG_WARN_DEPRECATED_OBJC_IMPLEMENTATIONS = YES;
				CLANG_WARN_DIRECT_OBJC_ISA_USAGE = YES_ERROR;
				CLANG_WARN_DOCUMENTATION_COMMENTS = YES;
				CLANG_WARN_EMPTY_BODY = YES;
				CLANG_WARN_ENUM_CONVERSION = YES;
				CLANG_WARN_INFINITE_RECURSION = YES;
				CLANG_WARN_INT_CONVERSION = YES;
				CLANG_WARN_NON_LITERAL_NULL_CONVERSION = YES;
				CLANG_WARN_OBJC_IMPLICIT_RETAIN_SELF = YES;
				CLANG_WARN_OBJC_LITERAL_CONVERSION = YES;
				CLANG_WARN_OBJC_ROOT_CLASS = YES_ERROR;
				CLANG_WARN_QUOTED_INCLUDE_IN_FRAMEWORK_HEADER = YES;
				CLANG_WARN_RANGE_LOOP_ANALYSIS = YES;
				CLANG_WARN_STRICT_PROTOTYPES = YES;
				CLANG_WARN_SUSPICIOUS_MOVE = YES;
				CLANG_WARN_UNGUARDED_AVAILABILITY = YES_AGGRESSIVE;
				CLANG_WARN_UNREACHABLE_CODE = YES;
				CLANG_WARN__DUPLICATE_METHOD_MATCH = YES;
				COPY_PHASE_STRIP = NO;
				DEBUG_INFORMATION_FORMAT = "dwarf-with-dsym";
				ENABLE_NS_ASSERTIONS = NO;
				ENABLE_STRICT_OBJC_MSGSEND = YES;
				GCC_C_LANGUAGE_STANDARD = gnu11;
				GCC_NO_COMMON_BLOCKS = YES;
				GCC_WARN_64_TO_32_BIT_CONVERSION = YES;
				GCC_WARN_ABOUT_RETURN_TYPE = YES_ERROR;
				GCC_WARN_UNDECLARED_SELECTOR = YES;
				GCC_WARN_UNINITIALIZED_AUTOS = YES_AGGRESSIVE;
				GCC_WARN_UNUSED_FUNCTION = YES;
				GCC_WARN_UNUSED_VARIABLE = YES;
				IPHONEOS_DEPLOYMENT_TARGET = 15.2;
				MTL_ENABLE_DEBUG_INFO = NO;
				MTL_FAST_MATH = YES;
				SDKROOT = iphoneos;
				SWIFT_COMPILATION_MODE = wholemodule;
				SWIFT_OPTIMIZATION_LEVEL = "-O";
				VALIDATE_PRODUCT = YES;
			};
			name = Release;
		};
		9885601529181D84009C377B /* Debug */ = {
			isa = XCBuildConfiguration;
			buildSettings = {
				ASSETCATALOG_COMPILER_APPICON_NAME = AppIcon;
				ASSETCATALOG_COMPILER_GLOBAL_ACCENT_COLOR_NAME = AccentColor;
				CODE_SIGN_STYLE = Automatic;
				CURRENT_PROJECT_VERSION = 1;
				DEVELOPMENT_ASSET_PATHS = "\"MealsSwiftUI/Preview Content\"";
				ENABLE_PREVIEWS = YES;
				GENERATE_INFOPLIST_FILE = YES;
				INFOPLIST_KEY_UIApplicationSceneManifest_Generation = YES;
				INFOPLIST_KEY_UIApplicationSupportsIndirectInputEvents = YES;
				INFOPLIST_KEY_UILaunchScreen_Generation = YES;
				INFOPLIST_KEY_UISupportedInterfaceOrientations_iPad = "UIInterfaceOrientationPortrait UIInterfaceOrientationPortraitUpsideDown UIInterfaceOrientationLandscapeLeft UIInterfaceOrientationLandscapeRight";
				INFOPLIST_KEY_UISupportedInterfaceOrientations_iPhone = "UIInterfaceOrientationPortrait UIInterfaceOrientationLandscapeLeft UIInterfaceOrientationLandscapeRight";
				LD_RUNPATH_SEARCH_PATHS = (
					"$(inherited)",
					"@executable_path/Frameworks",
				);
				MARKETING_VERSION = 1.0;
				PRODUCT_BUNDLE_IDENTIFIER = com.revive.MealsSwiftUI;
				PRODUCT_NAME = "$(TARGET_NAME)";
				SWIFT_EMIT_LOC_STRINGS = YES;
				SWIFT_VERSION = 5.0;
				TARGETED_DEVICE_FAMILY = "1,2";
			};
			name = Debug;
		};
		9885601629181D84009C377B /* Release */ = {
			isa = XCBuildConfiguration;
			buildSettings = {
				ASSETCATALOG_COMPILER_APPICON_NAME = AppIcon;
				ASSETCATALOG_COMPILER_GLOBAL_ACCENT_COLOR_NAME = AccentColor;
				CODE_SIGN_STYLE = Automatic;
				CURRENT_PROJECT_VERSION = 1;
				DEVELOPMENT_ASSET_PATHS = "\"MealsSwiftUI/Preview Content\"";
				ENABLE_PREVIEWS = YES;
				GENERATE_INFOPLIST_FILE = YES;
				INFOPLIST_KEY_UIApplicationSceneManifest_Generation = YES;
				INFOPLIST_KEY_UIApplicationSupportsIndirectInputEvents = YES;
				INFOPLIST_KEY_UILaunchScreen_Generation = YES;
				INFOPLIST_KEY_UISupportedInterfaceOrientations_iPad = "UIInterfaceOrientationPortrait UIInterfaceOrientationPortraitUpsideDown UIInterfaceOrientationLandscapeLeft UIInterfaceOrientationLandscapeRight";
				INFOPLIST_KEY_UISupportedInterfaceOrientations_iPhone = "UIInterfaceOrientationPortrait UIInterfaceOrientationLandscapeLeft UIInterfaceOrientationLandscapeRight";
				LD_RUNPATH_SEARCH_PATHS = (
					"$(inherited)",
					"@executable_path/Frameworks",
				);
				MARKETING_VERSION = 1.0;
				PRODUCT_BUNDLE_IDENTIFIER = com.revive.MealsSwiftUI;
				PRODUCT_NAME = "$(TARGET_NAME)";
				SWIFT_EMIT_LOC_STRINGS = YES;
				SWIFT_VERSION = 5.0;
				TARGETED_DEVICE_FAMILY = "1,2";
			};
			name = Release;
		};
/* End XCBuildConfiguration section */

/* Begin XCConfigurationList section */
		9885600129181D82009C377B /* Build configuration list for PBXProject "MealsSwiftUI" */ = {
			isa = XCConfigurationList;
			buildConfigurations = (
				9885601229181D84009C377B /* Debug */,
				9885601329181D84009C377B /* Release */,
			);
			defaultConfigurationIsVisible = 0;
			defaultConfigurationName = Release;
		};
		9885601429181D84009C377B /* Build configuration list for PBXNativeTarget "MealsSwiftUI" */ = {
			isa = XCConfigurationList;
			buildConfigurations = (
				9885601529181D84009C377B /* Debug */,
				9885601629181D84009C377B /* Release */,
			);
			defaultConfigurationIsVisible = 0;
			defaultConfigurationName = Release;
		};
/* End XCConfigurationList section */

/* Begin XCRemoteSwiftPackageReference section */
		9885603B2918465D009C377B /* XCRemoteSwiftPackageReference "SDWebImageSwiftUI" */ = {
			isa = XCRemoteSwiftPackageReference;
			repositoryURL = "https://github.com/SDWebImage/SDWebImageSwiftUI";
			requirement = {
				branch = master;
				kind = branch;
			};
		};
/* End XCRemoteSwiftPackageReference section */

/* Begin XCSwiftPackageProductDependency section */
		9885603C2918465D009C377B /* SDWebImageSwiftUI */ = {
			isa = XCSwiftPackageProductDependency;
			package = 9885603B2918465D009C377B /* XCRemoteSwiftPackageReference "SDWebImageSwiftUI" */;
			productName = SDWebImageSwiftUI;
		};
/* End XCSwiftPackageProductDependency section */
	};
	rootObject = 98855FFE29181D82009C377B /* Project object */;
}
